
Microsoft Visual Studio Solution File, Format Version 12.00
# Visual Studio 14
VisualStudioVersion = 14.0.25420.1
MinimumVisualStudioVersion = 10.0.40219.1
Project("{FAE04EC0-301F-11D3-BF4B-00C04F79EFBC}") = "CommandProjectContextMenu", "CommandProjectContextMenu\CommandProjectContextMenu.csproj", "{534DD115-3325-4371-9E74-C0027E626437}"
EndProject
Project("{2150E333-8FDC-42A3-9474-1A3956D46DE8}") = "Solution Items", "Solution Items", "{4C05316F-D3C6-47FE-AD61-F1318B416121}"
	ProjectSection(SolutionItems) = preProject
		README.md = README.md
	EndProjectSection
EndProject
Global
	GlobalSection(SolutionConfigurationPlatforms) = preSolution
		Debug|Any CPU = Debug|Any CPU
		Release|Any CPU = Release|Any CPU
	EndGlobalSection
	GlobalSection(ProjectConfigurationPlatforms) = postSolution
		{534DD115-3325-4371-9E74-C0027E626437}.Debug|Any CPU.ActiveCfg = Debug|Any CPU
		{534DD115-3325-4371-9E74-C0027E626437}.Debug|Any CPU.Build.0 = Debug|Any CPU
		{534DD115-3325-4371-9E74-C0027E626437}.Release|Any CPU.ActiveCfg = Release|Any CPU
		{534DD115-3325-4371-9E74-C0027E626437}.Release|Any CPU.Build.0 = Release|Any CPU
	EndGlobalSection
	GlobalSection(SolutionProperties) = preSolution
		HideSolutionNode = FALSE
	EndGlobalSection
EndGlobal
