
Microsoft Visual Studio Solution File, Format Version 12.00
# Visual Studio 14
VisualStudioVersion = 14.0.25420.1
MinimumVisualStudioVersion = 10.0.40219.1
Project("{FAE04EC0-301F-11D3-BF4B-00C04F79EFBC}") = "CommandSubmenu", "CommandSubmenu\CommandSubmenu.csproj", "{E968C7B6-2AD9-48D8-A244-53563D17F564}"
EndProject
Project("{2150E333-8FDC-42A3-9474-1A3956D46DE8}") = "Solution Items", "Solution Items", "{E6AB370C-490A-4ED9-A794-D5E9E81741B0}"
	ProjectSection(SolutionItems) = preProject
		README.md = README.md
	EndProjectSection
EndProject
Global
	GlobalSection(SolutionConfigurationPlatforms) = preSolution
		Debug|Any CPU = Debug|Any CPU
		Release|Any CPU = Release|Any CPU
	EndGlobalSection
	GlobalSection(ProjectConfigurationPlatforms) = postSolution
		{E968C7B6-2AD9-48D8-A244-53563D17F564}.Debug|Any CPU.ActiveCfg = Debug|Any CPU
		{E968C7B6-2AD9-48D8-A244-53563D17F564}.Debug|Any CPU.Build.0 = Debug|Any CPU
		{E968C7B6-2AD9-48D8-A244-53563D17F564}.Release|Any CPU.ActiveCfg = Release|Any CPU
		{E968C7B6-2AD9-48D8-A244-53563D17F564}.Release|Any CPU.Build.0 = Release|Any CPU
	EndGlobalSection
	GlobalSection(SolutionProperties) = preSolution
		HideSolutionNode = FALSE
	EndGlobalSection
EndGlobal
