
Microsoft Visual Studio Solution File, Format Version 12.00
# Visual Studio 14
VisualStudioVersion = 14.0.25420.1
MinimumVisualStudioVersion = 10.0.40219.1
Project("{FAE04EC0-301F-11D3-BF4B-00C04F79EFBC}") = "CommandCodeWindowContextMenu", "CommandCodeWindowContextMenu\CommandCodeWindowContextMenu.csproj", "{6302EA70-637D-4FDC-B169-1493427DD8D2}"
EndProject
Project("{2150E333-8FDC-42A3-9474-1A3956D46DE8}") = "Solution Items", "Solution Items", "{F01A8A59-5843-4AF3-A293-6DA86D5DEE1B}"
	ProjectSection(SolutionItems) = preProject
		README.md = README.md
	EndProjectSection
EndProject
Global
	GlobalSection(SolutionConfigurationPlatforms) = preSolution
		Debug|Any CPU = Debug|Any CPU
		Release|Any CPU = Release|Any CPU
	EndGlobalSection
	GlobalSection(ProjectConfigurationPlatforms) = postSolution
		{6302EA70-637D-4FDC-B169-1493427DD8D2}.Debug|Any CPU.ActiveCfg = Debug|Any CPU
		{6302EA70-637D-4FDC-B169-1493427DD8D2}.Debug|Any CPU.Build.0 = Debug|Any CPU
		{6302EA70-637D-4FDC-B169-1493427DD8D2}.Release|Any CPU.ActiveCfg = Release|Any CPU
		{6302EA70-637D-4FDC-B169-1493427DD8D2}.Release|Any CPU.Build.0 = Release|Any CPU
	EndGlobalSection
	GlobalSection(SolutionProperties) = preSolution
		HideSolutionNode = FALSE
	EndGlobalSection
EndGlobal
